
Microsoft Visual Studio Solution File, Format Version 12.00
# Visual Studio Version 16
VisualStudioVersion = 16.0.30503.244
MinimumVisualStudioVersion = 10.0.40219.1
Project("{9A19103F-16F7-4668-BE54-9A1E7A4F7556}") = "deliverAPI", "deliverAPI.csproj", "{3B28135E-B05E-4E8E-BE49-F3773D57321E}"
EndProject
Global
	GlobalSection(SolutionConfigurationPlatforms) = preSolution
		Debug|Any CPU = Debug|Any CPU
		Release|Any CPU = Release|Any CPU
	EndGlobalSection
	GlobalSection(ProjectConfigurationPlatforms) = postSolution
		{3B28135E-B05E-4E8E-BE49-F3773D57321E}.Debug|Any CPU.ActiveCfg = Debug|Any CPU
		{3B28135E-B05E-4E8E-BE49-F3773D57321E}.Debug|Any CPU.Build.0 = Debug|Any CPU
		{3B28135E-B05E-4E8E-BE49-F3773D57321E}.Release|Any CPU.ActiveCfg = Release|Any CPU
		{3B28135E-B05E-4E8E-BE49-F3773D57321E}.Release|Any CPU.Build.0 = Release|Any CPU
	EndGlobalSection
	GlobalSection(SolutionProperties) = preSolution
		HideSolutionNode = FALSE
	EndGlobalSection
	GlobalSection(ExtensibilityGlobals) = postSolution
		SolutionGuid = {59E7ABBF-2D7B-4006-ABA5-ECDC0CCB441C}
	EndGlobalSection
EndGlobal
